// !$*UTF8*$!
{
	archiveVersion = 1;
	classes = {
	};
	objectVersion = 56;
	objects = {

/* Begin PBXBuildFile section */
		ED45D1BF570D1FF01E32E0D2 /* Pods_Demo.framework in Frameworks */ = {isa = PBXBuildFile; fileRef = ADA6A5B457A8DD8096243F41 /* Pods_Demo.framework */; };
		F707E83E29693FF9004BBEF0 /* AppDelegate.swift in Sources */ = {isa = PBXBuildFile; fileRef = F707E83D29693FF9004BBEF0 /* AppDelegate.swift */; };
		F707E84029693FF9004BBEF0 /* SceneDelegate.swift in Sources */ = {isa = PBXBuildFile; fileRef = F707E83F29693FF9004BBEF0 /* SceneDelegate.swift */; };
		F707E84229693FF9004BBEF0 /* ViewController.swift in Sources */ = {isa = PBXBuildFile; fileRef = F707E84129693FF9004BBEF0 /* ViewController.swift */; };
		F707E84529693FF9004BBEF0 /* Main.storyboard in Resources */ = {isa = PBXBuildFile; fileRef = F707E84329693FF9004BBEF0 /* Main.storyboard */; };
		F707E84729693FFA004BBEF0 /* Assets.xcassets in Resources */ = {isa = PBXBuildFile; fileRef = F707E84629693FFA004BBEF0 /* Assets.xcassets */; };
		F707E84A29693FFA004BBEF0 /* LaunchScreen.storyboard in Resources */ = {isa = PBXBuildFile; fileRef = F707E84829693FFA004BBEF0 /* LaunchScreen.storyboard */; };
		F707E85229694050004BBEF0 /* MenuViewController.swift in Sources */ = {isa = PBXBuildFile; fileRef = F707E85129694050004BBEF0 /* MenuViewController.swift */; };
		F707E8552969408C004BBEF0 /* C1AlertViewController.swift in Sources */ = {isa = PBXBuildFile; fileRef = F707E8542969408C004BBEF0 /* C1AlertViewController.swift */; };
		F707E859296940E1004BBEF0 /* UIViewAnimationsViewController.swift in Sources */ = {isa = PBXBuildFile; fileRef = F707E858296940E1004BBEF0 /* UIViewAnimationsViewController.swift */; };
/* End PBXBuildFile section */

/* Begin PBXFileReference section */
		10AA2B54CCFA9C56487E0EFB /* Pods-Demo.debug.xcconfig */ = {isa = PBXFileReference; includeInIndex = 1; lastKnownFileType = text.xcconfig; name = "Pods-Demo.debug.xcconfig"; path = "Target Support Files/Pods-Demo/Pods-Demo.debug.xcconfig"; sourceTree = "<group>"; };
		ADA6A5B457A8DD8096243F41 /* Pods_Demo.framework */ = {isa = PBXFileReference; explicitFileType = wrapper.framework; includeInIndex = 0; path = Pods_Demo.framework; sourceTree = BUILT_PRODUCTS_DIR; };
		D25F3063CECB34BF7C3FEE94 /* Pods-Demo.release.xcconfig */ = {isa = PBXFileReference; includeInIndex = 1; lastKnownFileType = text.xcconfig; name = "Pods-Demo.release.xcconfig"; path = "Target Support Files/Pods-Demo/Pods-Demo.release.xcconfig"; sourceTree = "<group>"; };
		F707E83A29693FF9004BBEF0 /* Demo.app */ = {isa = PBXFileReference; explicitFileType = wrapper.application; includeInIndex = 0; path = Demo.app; sourceTree = BUILT_PRODUCTS_DIR; };
		F707E83D29693FF9004BBEF0 /* AppDelegate.swift */ = {isa = PBXFileReference; lastKnownFileType = sourcecode.swift; path = AppDelegate.swift; sourceTree = "<group>"; };
		F707E83F29693FF9004BBEF0 /* SceneDelegate.swift */ = {isa = PBXFileReference; lastKnownFileType = sourcecode.swift; path = SceneDelegate.swift; sourceTree = "<group>"; };
		F707E84129693FF9004BBEF0 /* ViewController.swift */ = {isa = PBXFileReference; lastKnownFileType = sourcecode.swift; path = ViewController.swift; sourceTree = "<group>"; };
		F707E84429693FF9004BBEF0 /* Base */ = {isa = PBXFileReference; lastKnownFileType = file.storyboard; name = Base; path = Base.lproj/Main.storyboard; sourceTree = "<group>"; };
		F707E84629693FFA004BBEF0 /* Assets.xcassets */ = {isa = PBXFileReference; lastKnownFileType = folder.assetcatalog; path = Assets.xcassets; sourceTree = "<group>"; };
		F707E84929693FFA004BBEF0 /* Base */ = {isa = PBXFileReference; lastKnownFileType = file.storyboard; name = Base; path = Base.lproj/LaunchScreen.storyboard; sourceTree = "<group>"; };
		F707E84B29693FFA004BBEF0 /* Info.plist */ = {isa = PBXFileReference; lastKnownFileType = text.plist.xml; path = Info.plist; sourceTree = "<group>"; };
		F707E85129694050004BBEF0 /* MenuViewController.swift */ = {isa = PBXFileReference; fileEncoding = 4; lastKnownFileType = sourcecode.swift; name = MenuViewController.swift; path = ../../DemoV2/Demo/MenuViewController.swift; sourceTree = "<group>"; };
		F707E8542969408C004BBEF0 /* C1AlertViewController.swift */ = {isa = PBXFileReference; fileEncoding = 4; lastKnownFileType = sourcecode.swift; path = C1AlertViewController.swift; sourceTree = "<group>"; };
		F707E858296940E1004BBEF0 /* UIViewAnimationsViewController.swift */ = {isa = PBXFileReference; fileEncoding = 4; lastKnownFileType = sourcecode.swift; path = UIViewAnimationsViewController.swift; sourceTree = "<group>"; };
/* End PBXFileReference section */

/* Begin PBXFrameworksBuildPhase section */
		F707E83729693FF9004BBEF0 /* Frameworks */ = {
			isa = PBXFrameworksBuildPhase;
			buildActionMask = 2147483647;
			files = (
				ED45D1BF570D1FF01E32E0D2 /* Pods_Demo.framework in Frameworks */,
			);
			runOnlyForDeploymentPostprocessing = 0;
		};
/* End PBXFrameworksBuildPhase section */

/* Begin PBXGroup section */
		26DE5EE6020BBA83957ECCD1 /* Pods */ = {
			isa = PBXGroup;
			children = (
				10AA2B54CCFA9C56487E0EFB /* Pods-Demo.debug.xcconfig */,
				D25F3063CECB34BF7C3FEE94 /* Pods-Demo.release.xcconfig */,
			);
			path = Pods;
			sourceTree = "<group>";
		};
		D41EF9102B78589F2B75C330 /* Frameworks */ = {
			isa = PBXGroup;
			children = (
				ADA6A5B457A8DD8096243F41 /* Pods_Demo.framework */,
			);
			name = Frameworks;
			sourceTree = "<group>";
		};
		F707E83129693FF9004BBEF0 = {
			isa = PBXGroup;
			children = (
				F707E83C29693FF9004BBEF0 /* Demo */,
				F707E83B29693FF9004BBEF0 /* Products */,
				26DE5EE6020BBA83957ECCD1 /* Pods */,
				D41EF9102B78589F2B75C330 /* Frameworks */,
			);
			sourceTree = "<group>";
		};
		F707E83B29693FF9004BBEF0 /* Products */ = {
			isa = PBXGroup;
			children = (
				F707E83A29693FF9004BBEF0 /* Demo.app */,
			);
			name = Products;
			sourceTree = "<group>";
		};
		F707E83C29693FF9004BBEF0 /* Demo */ = {
			isa = PBXGroup;
			children = (
				F707E857296940E1004BBEF0 /* Animations */,
				F707E8532969408C004BBEF0 /* Views */,
				F707E85629694095004BBEF0 /* Delegates */,
				F707E84129693FF9004BBEF0 /* ViewController.swift */,
				F707E85129694050004BBEF0 /* MenuViewController.swift */,
				F707E84329693FF9004BBEF0 /* Main.storyboard */,
				F707E84629693FFA004BBEF0 /* Assets.xcassets */,
				F707E84829693FFA004BBEF0 /* LaunchScreen.storyboard */,
				F707E84B29693FFA004BBEF0 /* Info.plist */,
			);
			path = Demo;
			sourceTree = "<group>";
		};
		F707E8532969408C004BBEF0 /* Views */ = {
			isa = PBXGroup;
			children = (
				F707E8542969408C004BBEF0 /* C1AlertViewController.swift */,
			);
			name = Views;
			path = ../../DemoV2/Demo/Views;
			sourceTree = "<group>";
		};
		F707E85629694095004BBEF0 /* Delegates */ = {
			isa = PBXGroup;
			children = (
				F707E83D29693FF9004BBEF0 /* AppDelegate.swift */,
				F707E83F29693FF9004BBEF0 /* SceneDelegate.swift */,
			);
			path = Delegates;
			sourceTree = "<group>";
		};
		F707E857296940E1004BBEF0 /* Animations */ = {
			isa = PBXGroup;
			children = (
				F707E858296940E1004BBEF0 /* UIViewAnimationsViewController.swift */,
			);
			name = Animations;
			path = ../../DemoV2/Demo/Animations;
			sourceTree = "<group>";
		};
/* End PBXGroup section */

/* Begin PBXNativeTarget section */
		F707E83929693FF9004BBEF0 /* Demo */ = {
			isa = PBXNativeTarget;
			buildConfigurationList = F707E84E29693FFA004BBEF0 /* Build configuration list for PBXNativeTarget "Demo" */;
			buildPhases = (
				BEA1BDD95B69BEB60E0468F6 /* [CP] Check Pods Manifest.lock */,
				F707E83629693FF9004BBEF0 /* Sources */,
				F707E83729693FF9004BBEF0 /* Frameworks */,
				F707E83829693FF9004BBEF0 /* Resources */,
				23FBB651870BEDAB0D7D1729 /* [CP] Embed Pods Frameworks */,
			);
			buildRules = (
			);
			dependencies = (
			);
			name = Demo;
			productName = Demo;
			productReference = F707E83A29693FF9004BBEF0 /* Demo.app */;
			productType = "com.apple.product-type.application";
		};
/* End PBXNativeTarget section */

/* Begin PBXProject section */
		F707E83229693FF9004BBEF0 /* Project object */ = {
			isa = PBXProject;
			attributes = {
				BuildIndependentTargetsInParallel = 1;
				LastSwiftUpdateCheck = 1400;
				LastUpgradeCheck = 1400;
				TargetAttributes = {
					F707E83929693FF9004BBEF0 = {
						CreatedOnToolsVersion = 14.0.1;
					};
				};
			};
			buildConfigurationList = F707E83529693FF9004BBEF0 /* Build configuration list for PBXProject "Demo" */;
			compatibilityVersion = "Xcode 14.0";
			developmentRegion = en;
			hasScannedForEncodings = 0;
			knownRegions = (
				en,
				Base,
			);
			mainGroup = F707E83129693FF9004BBEF0;
			productRefGroup = F707E83B29693FF9004BBEF0 /* Products */;
			projectDirPath = "";
			projectRoot = "";
			targets = (
				F707E83929693FF9004BBEF0 /* Demo */,
			);
		};
/* End PBXProject section */

/* Begin PBXResourcesBuildPhase section */
		F707E83829693FF9004BBEF0 /* Resources */ = {
			isa = PBXResourcesBuildPhase;
			buildActionMask = 2147483647;
			files = (
				F707E84A29693FFA004BBEF0 /* LaunchScreen.storyboard in Resources */,
				F707E84729693FFA004BBEF0 /* Assets.xcassets in Resources */,
				F707E84529693FF9004BBEF0 /* Main.storyboard in Resources */,
			);
			runOnlyForDeploymentPostprocessing = 0;
		};
/* End PBXResourcesBuildPhase section */

/* Begin PBXShellScriptBuildPhase section */
		23FBB651870BEDAB0D7D1729 /* [CP] Embed Pods Frameworks */ = {
			isa = PBXShellScriptBuildPhase;
			buildActionMask = 2147483647;
			files = (
			);
			inputFileListPaths = (
				"${PODS_ROOT}/Target Support Files/Pods-Demo/Pods-Demo-frameworks-${CONFIGURATION}-input-files.xcfilelist",
			);
			name = "[CP] Embed Pods Frameworks";
			outputFileListPaths = (
				"${PODS_ROOT}/Target Support Files/Pods-Demo/Pods-Demo-frameworks-${CONFIGURATION}-output-files.xcfilelist",
			);
			runOnlyForDeploymentPostprocessing = 0;
			shellPath = /bin/sh;
			shellScript = "\"${PODS_ROOT}/Target Support Files/Pods-Demo/Pods-Demo-frameworks.sh\"\n";
			showEnvVarsInLog = 0;
		};
		BEA1BDD95B69BEB60E0468F6 /* [CP] Check Pods Manifest.lock */ = {
			isa = PBXShellScriptBuildPhase;
			buildActionMask = 2147483647;
			files = (
			);
			inputFileListPaths = (
			);
			inputPaths = (
				"${PODS_PODFILE_DIR_PATH}/Podfile.lock",
				"${PODS_ROOT}/Manifest.lock",
			);
			name = "[CP] Check Pods Manifest.lock";
			outputFileListPaths = (
			);
			outputPaths = (
				"$(DERIVED_FILE_DIR)/Pods-Demo-checkManifestLockResult.txt",
			);
			runOnlyForDeploymentPostprocessing = 0;
			shellPath = /bin/sh;
			shellScript = "diff \"${PODS_PODFILE_DIR_PATH}/Podfile.lock\" \"${PODS_ROOT}/Manifest.lock\" > /dev/null\nif [ $? != 0 ] ; then\n    # print error to STDERR\n    echo \"error: The sandbox is not in sync with the Podfile.lock. Run 'pod install' or update your CocoaPods installation.\" >&2\n    exit 1\nfi\n# This output is used by Xcode 'outputs' to avoid re-running this script phase.\necho \"SUCCESS\" > \"${SCRIPT_OUTPUT_FILE_0}\"\n";
			showEnvVarsInLog = 0;
		};
/* End PBXShellScriptBuildPhase section */

/* Begin PBXSourcesBuildPhase section */
		F707E83629693FF9004BBEF0 /* Sources */ = {
			isa = PBXSourcesBuildPhase;
			buildActionMask = 2147483647;
			files = (
				F707E84229693FF9004BBEF0 /* ViewController.swift in Sources */,
				F707E83E29693FF9004BBEF0 /* AppDelegate.swift in Sources */,
				F707E8552969408C004BBEF0 /* C1AlertViewController.swift in Sources */,
				F707E84029693FF9004BBEF0 /* SceneDelegate.swift in Sources */,
				F707E859296940E1004BBEF0 /* UIViewAnimationsViewController.swift in Sources */,
				F707E85229694050004BBEF0 /* MenuViewController.swift in Sources */,
			);
			runOnlyForDeploymentPostprocessing = 0;
		};
/* End PBXSourcesBuildPhase section */

/* Begin PBXVariantGroup section */
		F707E84329693FF9004BBEF0 /* Main.storyboard */ = {
			isa = PBXVariantGroup;
			children = (
				F707E84429693FF9004BBEF0 /* Base */,
			);
			name = Main.storyboard;
			sourceTree = "<group>";
		};
		F707E84829693FFA004BBEF0 /* LaunchScreen.storyboard */ = {
			isa = PBXVariantGroup;
			children = (
				F707E84929693FFA004BBEF0 /* Base */,
			);
			name = LaunchScreen.storyboard;
			sourceTree = "<group>";
		};
/* End PBXVariantGroup section */

/* Begin XCBuildConfiguration section */
		F707E84C29693FFA004BBEF0 /* Debug */ = {
			isa = XCBuildConfiguration;
			buildSettings = {
				ALWAYS_SEARCH_USER_PATHS = NO;
				CLANG_ANALYZER_NONNULL = YES;
				CLANG_ANALYZER_NUMBER_OBJECT_CONVERSION = YES_AGGRESSIVE;
				CLANG_CXX_LANGUAGE_STANDARD = "gnu++20";
				CLANG_ENABLE_MODULES = YES;
				CLANG_ENABLE_OBJC_ARC = YES;
				CLANG_ENABLE_OBJC_WEAK = YES;
				CLANG_WARN_BLOCK_CAPTURE_AUTORELEASING = YES;
				CLANG_WARN_BOOL_CONVERSION = YES;
				CLANG_WARN_COMMA = YES;
				CLANG_WARN_CONSTANT_CONVERSION = YES;
				CLANG_WARN_DEPRECATED_OBJC_IMPLEMENTATIONS = YES;
				CLANG_WARN_DIRECT_OBJC_ISA_USAGE = YES_ERROR;
				CLANG_WARN_DOCUMENTATION_COMMENTS = YES;
				CLANG_WARN_EMPTY_BODY = YES;
				CLANG_WARN_ENUM_CONVERSION = YES;
				CLANG_WARN_INFINITE_RECURSION = YES;
				CLANG_WARN_INT_CONVERSION = YES;
				CLANG_WARN_NON_LITERAL_NULL_CONVERSION = YES;
				CLANG_WARN_OBJC_IMPLICIT_RETAIN_SELF = YES;
				CLANG_WARN_OBJC_LITERAL_CONVERSION = YES;
				CLANG_WARN_OBJC_ROOT_CLASS = YES_ERROR;
				CLANG_WARN_QUOTED_INCLUDE_IN_FRAMEWORK_HEADER = YES;
				CLANG_WARN_RANGE_LOOP_ANALYSIS = YES;
				CLANG_WARN_STRICT_PROTOTYPES = YES;
				CLANG_WARN_SUSPICIOUS_MOVE = YES;
				CLANG_WARN_UNGUARDED_AVAILABILITY = YES_AGGRESSIVE;
				CLANG_WARN_UNREACHABLE_CODE = YES;
				CLANG_WARN__DUPLICATE_METHOD_MATCH = YES;
				COPY_PHASE_STRIP = NO;
				DEBUG_INFORMATION_FORMAT = dwarf;
				ENABLE_STRICT_OBJC_MSGSEND = YES;
				ENABLE_TESTABILITY = YES;
				GCC_C_LANGUAGE_STANDARD = gnu11;
				GCC_DYNAMIC_NO_PIC = NO;
				GCC_NO_COMMON_BLOCKS = YES;
				GCC_OPTIMIZATION_LEVEL = 0;
				GCC_PREPROCESSOR_DEFINITIONS = (
					"DEBUG=1",
					"$(inherited)",
				);
				GCC_WARN_64_TO_32_BIT_CONVERSION = YES;
				GCC_WARN_ABOUT_RETURN_TYPE = YES_ERROR;
				GCC_WARN_UNDECLARED_SELECTOR = YES;
				GCC_WARN_UNINITIALIZED_AUTOS = YES_AGGRESSIVE;
				GCC_WARN_UNUSED_FUNCTION = YES;
				GCC_WARN_UNUSED_VARIABLE = YES;
				IPHONEOS_DEPLOYMENT_TARGET = 16.0;
				MTL_ENABLE_DEBUG_INFO = INCLUDE_SOURCE;
				MTL_FAST_MATH = YES;
				ONLY_ACTIVE_ARCH = YES;
				SDKROOT = iphoneos;
				SWIFT_ACTIVE_COMPILATION_CONDITIONS = DEBUG;
				SWIFT_OPTIMIZATION_LEVEL = "-Onone";
			};
			name = Debug;
		};
		F707E84D29693FFA004BBEF0 /* Release */ = {
			isa = XCBuildConfiguration;
			buildSettings = {
				ALWAYS_SEARCH_USER_PATHS = NO;
				CLANG_ANALYZER_NONNULL = YES;
				CLANG_ANALYZER_NUMBER_OBJECT_CONVERSION = YES_AGGRESSIVE;
				CLANG_CXX_LANGUAGE_STANDARD = "gnu++20";
				CLANG_ENABLE_MODULES = YES;
				CLANG_ENABLE_OBJC_ARC = YES;
				CLANG_ENABLE_OBJC_WEAK = YES;
				CLANG_WARN_BLOCK_CAPTURE_AUTORELEASING = YES;
				CLANG_WARN_BOOL_CONVERSION = YES;
				CLANG_WARN_COMMA = YES;
				CLANG_WARN_CONSTANT_CONVERSION = YES;
				CLANG_WARN_DEPRECATED_OBJC_IMPLEMENTATIONS = YES;
				CLANG_WARN_DIRECT_OBJC_ISA_USAGE = YES_ERROR;
				CLANG_WARN_DOCUMENTATION_COMMENTS = YES;
				CLANG_WARN_EMPTY_BODY = YES;
				CLANG_WARN_ENUM_CONVERSION = YES;
				CLANG_WARN_INFINITE_RECURSION = YES;
				CLANG_WARN_INT_CONVERSION = YES;
				CLANG_WARN_NON_LITERAL_NULL_CONVERSION = YES;
				CLANG_WARN_OBJC_IMPLICIT_RETAIN_SELF = YES;
				CLANG_WARN_OBJC_LITERAL_CONVERSION = YES;
				CLANG_WARN_OBJC_ROOT_CLASS = YES_ERROR;
				CLANG_WARN_QUOTED_INCLUDE_IN_FRAMEWORK_HEADER = YES;
				CLANG_WARN_RANGE_LOOP_ANALYSIS = YES;
				CLANG_WARN_STRICT_PROTOTYPES = YES;
				CLANG_WARN_SUSPICIOUS_MOVE = YES;
				CLANG_WARN_UNGUARDED_AVAILABILITY = YES_AGGRESSIVE;
				CLANG_WARN_UNREACHABLE_CODE = YES;
				CLANG_WARN__DUPLICATE_METHOD_MATCH = YES;
				COPY_PHASE_STRIP = NO;
				DEBUG_INFORMATION_FORMAT = "dwarf-with-dsym";
				ENABLE_NS_ASSERTIONS = NO;
				ENABLE_STRICT_OBJC_MSGSEND = YES;
				GCC_C_LANGUAGE_STANDARD = gnu11;
				GCC_NO_COMMON_BLOCKS = YES;
				GCC_WARN_64_TO_32_BIT_CONVERSION = YES;
				GCC_WARN_ABOUT_RETURN_TYPE = YES_ERROR;
				GCC_WARN_UNDECLARED_SELECTOR = YES;
				GCC_WARN_UNINITIALIZED_AUTOS = YES_AGGRESSIVE;
				GCC_WARN_UNUSED_FUNCTION = YES;
				GCC_WARN_UNUSED_VARIABLE = YES;
				IPHONEOS_DEPLOYMENT_TARGET = 16.0;
				MTL_ENABLE_DEBUG_INFO = NO;
				MTL_FAST_MATH = YES;
				SDKROOT = iphoneos;
				SWIFT_COMPILATION_MODE = wholemodule;
				SWIFT_OPTIMIZATION_LEVEL = "-O";
				VALIDATE_PRODUCT = YES;
			};
			name = Release;
		};
		F707E84F29693FFA004BBEF0 /* Debug */ = {
			isa = XCBuildConfiguration;
			baseConfigurationReference = 10AA2B54CCFA9C56487E0EFB /* Pods-Demo.debug.xcconfig */;
			buildSettings = {
				ASSETCATALOG_COMPILER_APPICON_NAME = AppIcon;
				ASSETCATALOG_COMPILER_GLOBAL_ACCENT_COLOR_NAME = AccentColor;
				CODE_SIGN_STYLE = Automatic;
				CURRENT_PROJECT_VERSION = 1;
				DEVELOPMENT_TEAM = SG7HHALT8U;
				GENERATE_INFOPLIST_FILE = YES;
				INFOPLIST_FILE = Demo/Info.plist;
				INFOPLIST_KEY_UIApplicationSupportsIndirectInputEvents = YES;
				INFOPLIST_KEY_UILaunchStoryboardName = LaunchScreen;
				INFOPLIST_KEY_UIMainStoryboardFile = Main;
				INFOPLIST_KEY_UISupportedInterfaceOrientations_iPad = "UIInterfaceOrientationPortrait UIInterfaceOrientationPortraitUpsideDown UIInterfaceOrientationLandscapeLeft UIInterfaceOrientationLandscapeRight";
				INFOPLIST_KEY_UISupportedInterfaceOrientations_iPhone = "UIInterfaceOrientationPortrait UIInterfaceOrientationLandscapeLeft UIInterfaceOrientationLandscapeRight";
				LD_RUNPATH_SEARCH_PATHS = (
					"$(inherited)",
					"@executable_path/Frameworks",
				);
				MARKETING_VERSION = 1.0;
				PRODUCT_BUNDLE_IDENTIFIER = com.brianveitch.Demo;
				PRODUCT_NAME = "$(TARGET_NAME)";
				SWIFT_EMIT_LOC_STRINGS = YES;
				SWIFT_VERSION = 5.0;
				TARGETED_DEVICE_FAMILY = "1,2";
			};
			name = Debug;
		};
		F707E85029693FFA004BBEF0 /* Release */ = {
			isa = XCBuildConfiguration;
			baseConfigurationReference = D25F3063CECB34BF7C3FEE94 /* Pods-Demo.release.xcconfig */;
			buildSettings = {
				ASSETCATALOG_COMPILER_APPICON_NAME = AppIcon;
				ASSETCATALOG_COMPILER_GLOBAL_ACCENT_COLOR_NAME = AccentColor;
				CODE_SIGN_STYLE = Automatic;
				CURRENT_PROJECT_VERSION = 1;
				DEVELOPMENT_TEAM = SG7HHALT8U;
				GENERATE_INFOPLIST_FILE = YES;
				INFOPLIST_FILE = Demo/Info.plist;
				INFOPLIST_KEY_UIApplicationSupportsIndirectInputEvents = YES;
				INFOPLIST_KEY_UILaunchStoryboardName = LaunchScreen;
				INFOPLIST_KEY_UIMainStoryboardFile = Main;
				INFOPLIST_KEY_UISupportedInterfaceOrientations_iPad = "UIInterfaceOrientationPortrait UIInterfaceOrientationPortraitUpsideDown UIInterfaceOrientationLandscapeLeft UIInterfaceOrientationLandscapeRight";
				INFOPLIST_KEY_UISupportedInterfaceOrientations_iPhone = "UIInterfaceOrientationPortrait UIInterfaceOrientationLandscapeLeft UIInterfaceOrientationLandscapeRight";
				LD_RUNPATH_SEARCH_PATHS = (
					"$(inherited)",
					"@executable_path/Frameworks",
				);
				MARKETING_VERSION = 1.0;
				PRODUCT_BUNDLE_IDENTIFIER = com.brianveitch.Demo;
				PRODUCT_NAME = "$(TARGET_NAME)";
				SWIFT_EMIT_LOC_STRINGS = YES;
				SWIFT_VERSION = 5.0;
				TARGETED_DEVICE_FAMILY = "1,2";
			};
			name = Release;
		};
/* End XCBuildConfiguration section */

/* Begin XCConfigurationList section */
		F707E83529693FF9004BBEF0 /* Build configuration list for PBXProject "Demo" */ = {
			isa = XCConfigurationList;
			buildConfigurations = (
				F707E84C29693FFA004BBEF0 /* Debug */,
				F707E84D29693FFA004BBEF0 /* Release */,
			);
			defaultConfigurationIsVisible = 0;
			defaultConfigurationName = Release;
		};
		F707E84E29693FFA004BBEF0 /* Build configuration list for PBXNativeTarget "Demo" */ = {
			isa = XCConfigurationList;
			buildConfigurations = (
				F707E84F29693FFA004BBEF0 /* Debug */,
				F707E85029693FFA004BBEF0 /* Release */,
			);
			defaultConfigurationIsVisible = 0;
			defaultConfigurationName = Release;
		};
/* End XCConfigurationList section */
	};
	rootObject = F707E83229693FF9004BBEF0 /* Project object */;
}
